
Microsoft Visual Studio Solution File, Format Version 12.00
# Visual Studio Version 17
VisualStudioVersion = 17.5.33627.172
MinimumVisualStudioVersion = 10.0.40219.1
Project("{FAE04EC0-301F-11D3-BF4B-00C04F79EFBC}") = "Server", "Server\Server.csproj", "{391C78A9-D735-49B8-8AA1-84B7BDAF1E6B}"
EndProject
Project("{FAE04EC0-301F-11D3-BF4B-00C04F79EFBC}") = "Client", "Client\Client.csproj", "{0421853C-AA86-4529-A075-1625847809A9}"
EndProject
Global
	GlobalSection(SolutionConfigurationPlatforms) = preSolution
		Debug|Any CPU = Debug|Any CPU
		Release|Any CPU = Release|Any CPU
	EndGlobalSection
	GlobalSection(ProjectConfigurationPlatforms) = postSolution
		{391C78A9-D735-49B8-8AA1-84B7BDAF1E6B}.Debug|Any CPU.ActiveCfg = Debug|Any CPU
		{391C78A9-D735-49B8-8AA1-84B7BDAF1E6B}.Debug|Any CPU.Build.0 = Debug|Any CPU
		{391C78A9-D735-49B8-8AA1-84B7BDAF1E6B}.Release|Any CPU.ActiveCfg = Release|Any CPU
		{391C78A9-D735-49B8-8AA1-84B7BDAF1E6B}.Release|Any CPU.Build.0 = Release|Any CPU
		{0421853C-AA86-4529-A075-1625847809A9}.Debug|Any CPU.ActiveCfg = Debug|Any CPU
		{0421853C-AA86-4529-A075-1625847809A9}.Debug|Any CPU.Build.0 = Debug|Any CPU
		{0421853C-AA86-4529-A075-1625847809A9}.Release|Any CPU.ActiveCfg = Release|Any CPU
		{0421853C-AA86-4529-A075-1625847809A9}.Release|Any CPU.Build.0 = Release|Any CPU
	EndGlobalSection
	GlobalSection(SolutionProperties) = preSolution
		HideSolutionNode = FALSE
	EndGlobalSection
	GlobalSection(ExtensibilityGlobals) = postSolution
		SolutionGuid = {DE0E7BE8-1096-4E1F-949B-1575DBDD5CD3}
	EndGlobalSection
EndGlobal
